// !$*UTF8*$!
{
	archiveVersion = 1;
	classes = {
	};
	objectVersion = 50;
	objects = {

/* Begin PBXBuildFile section */
		8338924B22AD3C7C00314162 /* AppDelegate.swift in Sources */ = {isa = PBXBuildFile; fileRef = 8338924A22AD3C7C00314162 /* AppDelegate.swift */; };
		8338924D22AD3C7C00314162 /* SceneDelegate.swift in Sources */ = {isa = PBXBuildFile; fileRef = 8338924C22AD3C7C00314162 /* SceneDelegate.swift */; };
		8338924F22AD3C7C00314162 /* LandmarkDetail.swift in Sources */ = {isa = PBXBuildFile; fileRef = 8338924E22AD3C7C00314162 /* LandmarkDetail.swift */; };
		8338925122AD3C7E00314162 /* Assets.xcassets in Resources */ = {isa = PBXBuildFile; fileRef = 8338925022AD3C7E00314162 /* Assets.xcassets */; };
		8338925422AD3C7E00314162 /* Preview Assets.xcassets in Resources */ = {isa = PBXBuildFile; fileRef = 8338925322AD3C7E00314162 /* Preview Assets.xcassets */; };
		8338925722AD3C7E00314162 /* LaunchScreen.storyboard in Resources */ = {isa = PBXBuildFile; fileRef = 8338925522AD3C7E00314162 /* LaunchScreen.storyboard */; };
		8338926222AD3C7E00314162 /* LandmarksTests.swift in Sources */ = {isa = PBXBuildFile; fileRef = 8338926122AD3C7E00314162 /* LandmarksTests.swift */; };
		8338926D22AD3C7E00314162 /* LandmarksUITests.swift in Sources */ = {isa = PBXBuildFile; fileRef = 8338926C22AD3C7E00314162 /* LandmarksUITests.swift */; };
		8338927B22AD4D3C00314162 /* CircleImage.swift in Sources */ = {isa = PBXBuildFile; fileRef = 8338927A22AD4D3C00314162 /* CircleImage.swift */; };
		8338927D22AD4E7100314162 /* MapView.swift in Sources */ = {isa = PBXBuildFile; fileRef = 8338927C22AD4E7100314162 /* MapView.swift */; };
		8338928122AD549C00314162 /* landmarkData.json in Resources */ = {isa = PBXBuildFile; fileRef = 8338928022AD549C00314162 /* landmarkData.json */; };
		8338928322AD8FAA00314162 /* LandmarkRow.swift in Sources */ = {isa = PBXBuildFile; fileRef = 8338928222AD8FAA00314162 /* LandmarkRow.swift */; };
		8338928522AD92A900314162 /* Data.swift in Sources */ = {isa = PBXBuildFile; fileRef = 8338928422AD92A900314162 /* Data.swift */; };
		8338928722AD93C100314162 /* LandmarkList.swift in Sources */ = {isa = PBXBuildFile; fileRef = 8338928622AD93C100314162 /* LandmarkList.swift */; };
		8338929622AD964300314162 /* turtlerock.jpg in Resources */ = {isa = PBXBuildFile; fileRef = 8338928922AD964300314162 /* turtlerock.jpg */; };
		8338929722AD964300314162 /* silversalmoncreek.jpg in Resources */ = {isa = PBXBuildFile; fileRef = 8338928A22AD964300314162 /* silversalmoncreek.jpg */; };
		8338929822AD964300314162 /* icybay.jpg in Resources */ = {isa = PBXBuildFile; fileRef = 8338928B22AD964300314162 /* icybay.jpg */; };
		8338929922AD964300314162 /* lakemcdonald.jpg in Resources */ = {isa = PBXBuildFile; fileRef = 8338928C22AD964300314162 /* lakemcdonald.jpg */; };
		8338929A22AD964300314162 /* hiddenlake.jpg in Resources */ = {isa = PBXBuildFile; fileRef = 8338928D22AD964300314162 /* hiddenlake.jpg */; };
		8338929B22AD964300314162 /* twinlake.jpg in Resources */ = {isa = PBXBuildFile; fileRef = 8338928E22AD964300314162 /* twinlake.jpg */; };
		8338929C22AD964300314162 /* umbagog.jpg in Resources */ = {isa = PBXBuildFile; fileRef = 8338928F22AD964300314162 /* umbagog.jpg */; };
		8338929E22AD964300314162 /* chincoteague.jpg in Resources */ = {isa = PBXBuildFile; fileRef = 8338929122AD964300314162 /* chincoteague.jpg */; };
		8338929F22AD964300314162 /* yukon_charleyrivers.jpg in Resources */ = {isa = PBXBuildFile; fileRef = 8338929222AD964300314162 /* yukon_charleyrivers.jpg */; };
		833892A022AD964300314162 /* stmarylake.jpg in Resources */ = {isa = PBXBuildFile; fileRef = 8338929322AD964300314162 /* stmarylake.jpg */; };
		833892A122AD964300314162 /* chilkoottrail.jpg in Resources */ = {isa = PBXBuildFile; fileRef = 8338929422AD964300314162 /* chilkoottrail.jpg */; };
		833892A222AD964300314162 /* rainbowlake.jpg in Resources */ = {isa = PBXBuildFile; fileRef = 8338929522AD964300314162 /* rainbowlake.jpg */; };
		833892A722ADD21D00314162 /* Landmark.swift in Sources */ = {isa = PBXBuildFile; fileRef = 833892A622ADD21D00314162 /* Landmark.swift */; };
		833892A922ADD59800314162 /* UserData.swift in Sources */ = {isa = PBXBuildFile; fileRef = 833892A822ADD59800314162 /* UserData.swift */; };
/* End PBXBuildFile section */

/* Begin PBXContainerItemProxy section */
		8338925E22AD3C7E00314162 /* PBXContainerItemProxy */ = {
			isa = PBXContainerItemProxy;
			containerPortal = 8338923F22AD3C7C00314162 /* Project object */;
			proxyType = 1;
			remoteGlobalIDString = 8338924622AD3C7C00314162;
			remoteInfo = Landmarks;
		};
		8338926922AD3C7E00314162 /* PBXContainerItemProxy */ = {
			isa = PBXContainerItemProxy;
			containerPortal = 8338923F22AD3C7C00314162 /* Project object */;
			proxyType = 1;
			remoteGlobalIDString = 8338924622AD3C7C00314162;
			remoteInfo = Landmarks;
		};
/* End PBXContainerItemProxy section */

/* Begin PBXFileReference section */
		8338924722AD3C7C00314162 /* Landmarks.app */ = {isa = PBXFileReference; explicitFileType = wrapper.application; includeInIndex = 0; path = Landmarks.app; sourceTree = BUILT_PRODUCTS_DIR; };
		8338924A22AD3C7C00314162 /* AppDelegate.swift */ = {isa = PBXFileReference; lastKnownFileType = sourcecode.swift; path = AppDelegate.swift; sourceTree = "<group>"; };
		8338924C22AD3C7C00314162 /* SceneDelegate.swift */ = {isa = PBXFileReference; lastKnownFileType = sourcecode.swift; path = SceneDelegate.swift; sourceTree = "<group>"; };
		8338924E22AD3C7C00314162 /* LandmarkDetail.swift */ = {isa = PBXFileReference; lastKnownFileType = sourcecode.swift; path = LandmarkDetail.swift; sourceTree = "<group>"; };
		8338925022AD3C7E00314162 /* Assets.xcassets */ = {isa = PBXFileReference; lastKnownFileType = folder.assetcatalog; path = Assets.xcassets; sourceTree = "<group>"; };
		8338925322AD3C7E00314162 /* Preview Assets.xcassets */ = {isa = PBXFileReference; lastKnownFileType = folder.assetcatalog; path = "Preview Assets.xcassets"; sourceTree = "<group>"; };
		8338925622AD3C7E00314162 /* Base */ = {isa = PBXFileReference; lastKnownFileType = file.storyboard; name = Base; path = Base.lproj/LaunchScreen.storyboard; sourceTree = "<group>"; };
		8338925822AD3C7E00314162 /* Info.plist */ = {isa = PBXFileReference; lastKnownFileType = text.plist.xml; path = Info.plist; sourceTree = "<group>"; };
		8338925D22AD3C7E00314162 /* LandmarksTests.xctest */ = {isa = PBXFileReference; explicitFileType = wrapper.cfbundle; includeInIndex = 0; path = LandmarksTests.xctest; sourceTree = BUILT_PRODUCTS_DIR; };
		8338926122AD3C7E00314162 /* LandmarksTests.swift */ = {isa = PBXFileReference; lastKnownFileType = sourcecode.swift; path = LandmarksTests.swift; sourceTree = "<group>"; };
		8338926322AD3C7E00314162 /* Info.plist */ = {isa = PBXFileReference; lastKnownFileType = text.plist.xml; path = Info.plist; sourceTree = "<group>"; };
		8338926822AD3C7E00314162 /* LandmarksUITests.xctest */ = {isa = PBXFileReference; explicitFileType = wrapper.cfbundle; includeInIndex = 0; path = LandmarksUITests.xctest; sourceTree = BUILT_PRODUCTS_DIR; };
		8338926C22AD3C7E00314162 /* LandmarksUITests.swift */ = {isa = PBXFileReference; lastKnownFileType = sourcecode.swift; path = LandmarksUITests.swift; sourceTree = "<group>"; };
		8338926E22AD3C7E00314162 /* Info.plist */ = {isa = PBXFileReference; lastKnownFileType = text.plist.xml; path = Info.plist; sourceTree = "<group>"; };
		8338927A22AD4D3C00314162 /* CircleImage.swift */ = {isa = PBXFileReference; lastKnownFileType = sourcecode.swift; path = CircleImage.swift; sourceTree = "<group>"; };
		8338927C22AD4E7100314162 /* MapView.swift */ = {isa = PBXFileReference; lastKnownFileType = sourcecode.swift; path = MapView.swift; sourceTree = "<group>"; };
		8338928022AD549C00314162 /* landmarkData.json */ = {isa = PBXFileReference; fileEncoding = 4; lastKnownFileType = text.json; path = landmarkData.json; sourceTree = "<group>"; };
		8338928222AD8FAA00314162 /* LandmarkRow.swift */ = {isa = PBXFileReference; lastKnownFileType = sourcecode.swift; path = LandmarkRow.swift; sourceTree = "<group>"; };
		8338928422AD92A900314162 /* Data.swift */ = {isa = PBXFileReference; fileEncoding = 4; lastKnownFileType = sourcecode.swift; path = Data.swift; sourceTree = "<group>"; };
		8338928622AD93C100314162 /* LandmarkList.swift */ = {isa = PBXFileReference; lastKnownFileType = sourcecode.swift; path = LandmarkList.swift; sourceTree = "<group>"; };
		8338928922AD964300314162 /* turtlerock.jpg */ = {isa = PBXFileReference; lastKnownFileType = image.jpeg; path = turtlerock.jpg; sourceTree = "<group>"; };
		8338928A22AD964300314162 /* silversalmoncreek.jpg */ = {isa = PBXFileReference; lastKnownFileType = image.jpeg; path = silversalmoncreek.jpg; sourceTree = "<group>"; };
		8338928B22AD964300314162 /* icybay.jpg */ = {isa = PBXFileReference; lastKnownFileType = image.jpeg; path = icybay.jpg; sourceTree = "<group>"; };
		8338928C22AD964300314162 /* lakemcdonald.jpg */ = {isa = PBXFileReference; lastKnownFileType = image.jpeg; path = lakemcdonald.jpg; sourceTree = "<group>"; };
		8338928D22AD964300314162 /* hiddenlake.jpg */ = {isa = PBXFileReference; lastKnownFileType = image.jpeg; path = hiddenlake.jpg; sourceTree = "<group>"; };
		8338928E22AD964300314162 /* twinlake.jpg */ = {isa = PBXFileReference; lastKnownFileType = image.jpeg; path = twinlake.jpg; sourceTree = "<group>"; };
		8338928F22AD964300314162 /* umbagog.jpg */ = {isa = PBXFileReference; lastKnownFileType = image.jpeg; path = umbagog.jpg; sourceTree = "<group>"; };
		8338929122AD964300314162 /* chincoteague.jpg */ = {isa = PBXFileReference; lastKnownFileType = image.jpeg; path = chincoteague.jpg; sourceTree = "<group>"; };
		8338929222AD964300314162 /* yukon_charleyrivers.jpg */ = {isa = PBXFileReference; lastKnownFileType = image.jpeg; path = yukon_charleyrivers.jpg; sourceTree = "<group>"; };
		8338929322AD964300314162 /* stmarylake.jpg */ = {isa = PBXFileReference; lastKnownFileType = image.jpeg; path = stmarylake.jpg; sourceTree = "<group>"; };
		8338929422AD964300314162 /* chilkoottrail.jpg */ = {isa = PBXFileReference; lastKnownFileType = image.jpeg; path = chilkoottrail.jpg; sourceTree = "<group>"; };
		8338929522AD964300314162 /* rainbowlake.jpg */ = {isa = PBXFileReference; lastKnownFileType = image.jpeg; path = rainbowlake.jpg; sourceTree = "<group>"; };
		833892A622ADD21D00314162 /* Landmark.swift */ = {isa = PBXFileReference; fileEncoding = 4; lastKnownFileType = sourcecode.swift; path = Landmark.swift; sourceTree = "<group>"; };
		833892A822ADD59800314162 /* UserData.swift */ = {isa = PBXFileReference; lastKnownFileType = sourcecode.swift; path = UserData.swift; sourceTree = "<group>"; };
/* End PBXFileReference section */

/* Begin PBXFrameworksBuildPhase section */
		8338924422AD3C7C00314162 /* Frameworks */ = {
			isa = PBXFrameworksBuildPhase;
			buildActionMask = 2147483647;
			files = (
			);
			runOnlyForDeploymentPostprocessing = 0;
		};
		8338925A22AD3C7E00314162 /* Frameworks */ = {
			isa = PBXFrameworksBuildPhase;
			buildActionMask = 2147483647;
			files = (
			);
			runOnlyForDeploymentPostprocessing = 0;
		};
		8338926522AD3C7E00314162 /* Frameworks */ = {
			isa = PBXFrameworksBuildPhase;
			buildActionMask = 2147483647;
			files = (
			);
			runOnlyForDeploymentPostprocessing = 0;
		};
/* End PBXFrameworksBuildPhase section */

/* Begin PBXGroup section */
		8338923E22AD3C7C00314162 = {
			isa = PBXGroup;
			children = (
				8338924922AD3C7C00314162 /* Landmarks */,
				8338926022AD3C7E00314162 /* LandmarksTests */,
				8338926B22AD3C7E00314162 /* LandmarksUITests */,
				8338924822AD3C7C00314162 /* Products */,
			);
			sourceTree = "<group>";
		};
		8338924822AD3C7C00314162 /* Products */ = {
			isa = PBXGroup;
			children = (
				8338924722AD3C7C00314162 /* Landmarks.app */,
				8338925D22AD3C7E00314162 /* LandmarksTests.xctest */,
				8338926822AD3C7E00314162 /* LandmarksUITests.xctest */,
			);
			name = Products;
			sourceTree = "<group>";
		};
		8338924922AD3C7C00314162 /* Landmarks */ = {
			isa = PBXGroup;
			children = (
				833892A322ADD02000314162 /* Model */,
				8338924A22AD3C7C00314162 /* AppDelegate.swift */,
				8338924C22AD3C7C00314162 /* SceneDelegate.swift */,
				8338928622AD93C100314162 /* LandmarkList.swift */,
				8338928222AD8FAA00314162 /* LandmarkRow.swift */,
				8338924E22AD3C7C00314162 /* LandmarkDetail.swift */,
				8338927A22AD4D3C00314162 /* CircleImage.swift */,
				8338927C22AD4E7100314162 /* MapView.swift */,
				8338925022AD3C7E00314162 /* Assets.xcassets */,
				8338925522AD3C7E00314162 /* LaunchScreen.storyboard */,
				8338925822AD3C7E00314162 /* Info.plist */,
				8338928822AD964300314162 /* Resources */,
				8338925222AD3C7E00314162 /* Preview Content */,
			);
			path = Landmarks;
			sourceTree = "<group>";
		};
		8338925222AD3C7E00314162 /* Preview Content */ = {
			isa = PBXGroup;
			children = (
				8338925322AD3C7E00314162 /* Preview Assets.xcassets */,
			);
			path = "Preview Content";
			sourceTree = "<group>";
		};
		8338926022AD3C7E00314162 /* LandmarksTests */ = {
			isa = PBXGroup;
			children = (
				8338926122AD3C7E00314162 /* LandmarksTests.swift */,
				8338926322AD3C7E00314162 /* Info.plist */,
			);
			path = LandmarksTests;
			sourceTree = "<group>";
		};
		8338926B22AD3C7E00314162 /* LandmarksUITests */ = {
			isa = PBXGroup;
			children = (
				8338926C22AD3C7E00314162 /* LandmarksUITests.swift */,
				8338926E22AD3C7E00314162 /* Info.plist */,
			);
			path = LandmarksUITests;
			sourceTree = "<group>";
		};
		8338928822AD964300314162 /* Resources */ = {
			isa = PBXGroup;
			children = (
				8338928022AD549C00314162 /* landmarkData.json */,
				8338928922AD964300314162 /* turtlerock.jpg */,
				8338928A22AD964300314162 /* silversalmoncreek.jpg */,
				8338928B22AD964300314162 /* icybay.jpg */,
				8338928C22AD964300314162 /* lakemcdonald.jpg */,
				8338928D22AD964300314162 /* hiddenlake.jpg */,
				8338928E22AD964300314162 /* twinlake.jpg */,
				8338928F22AD964300314162 /* umbagog.jpg */,
				8338929122AD964300314162 /* chincoteague.jpg */,
				8338929222AD964300314162 /* yukon_charleyrivers.jpg */,
				8338929322AD964300314162 /* stmarylake.jpg */,
				8338929422AD964300314162 /* chilkoottrail.jpg */,
				8338929522AD964300314162 /* rainbowlake.jpg */,
			);
			path = Resources;
			sourceTree = "<group>";
		};
		833892A322ADD02000314162 /* Model */ = {
			isa = PBXGroup;
			children = (
				833892A622ADD21D00314162 /* Landmark.swift */,
				8338928422AD92A900314162 /* Data.swift */,
				833892A822ADD59800314162 /* UserData.swift */,
			);
			path = Model;
			sourceTree = "<group>";
		};
/* End PBXGroup section */

/* Begin PBXNativeTarget section */
		8338924622AD3C7C00314162 /* Landmarks */ = {
			isa = PBXNativeTarget;
			buildConfigurationList = 8338927122AD3C7E00314162 /* Build configuration list for PBXNativeTarget "Landmarks" */;
			buildPhases = (
				8338924322AD3C7C00314162 /* Sources */,
				8338924422AD3C7C00314162 /* Frameworks */,
				8338924522AD3C7C00314162 /* Resources */,
			);
			buildRules = (
			);
			dependencies = (
			);
			name = Landmarks;
			productName = Landmarks;
			productReference = 8338924722AD3C7C00314162 /* Landmarks.app */;
			productType = "com.apple.product-type.application";
		};
		8338925C22AD3C7E00314162 /* LandmarksTests */ = {
			isa = PBXNativeTarget;
			buildConfigurationList = 8338927422AD3C7E00314162 /* Build configuration list for PBXNativeTarget "LandmarksTests" */;
			buildPhases = (
				8338925922AD3C7E00314162 /* Sources */,
				8338925A22AD3C7E00314162 /* Frameworks */,
				8338925B22AD3C7E00314162 /* Resources */,
			);
			buildRules = (
			);
			dependencies = (
				8338925F22AD3C7E00314162 /* PBXTargetDependency */,
			);
			name = LandmarksTests;
			productName = LandmarksTests;
			productReference = 8338925D22AD3C7E00314162 /* LandmarksTests.xctest */;
			productType = "com.apple.product-type.bundle.unit-test";
		};
		8338926722AD3C7E00314162 /* LandmarksUITests */ = {
			isa = PBXNativeTarget;
			buildConfigurationList = 8338927722AD3C7E00314162 /* Build configuration list for PBXNativeTarget "LandmarksUITests" */;
			buildPhases = (
				8338926422AD3C7E00314162 /* Sources */,
				8338926522AD3C7E00314162 /* Frameworks */,
				8338926622AD3C7E00314162 /* Resources */,
			);
			buildRules = (
			);
			dependencies = (
				8338926A22AD3C7E00314162 /* PBXTargetDependency */,
			);
			name = LandmarksUITests;
			productName = LandmarksUITests;
			productReference = 8338926822AD3C7E00314162 /* LandmarksUITests.xctest */;
			productType = "com.apple.product-type.bundle.ui-testing";
		};
/* End PBXNativeTarget section */

/* Begin PBXProject section */
		8338923F22AD3C7C00314162 /* Project object */ = {
			isa = PBXProject;
			attributes = {
				LastSwiftUpdateCheck = 1100;
				LastUpgradeCheck = 1100;
				ORGANIZATIONNAME = "Roving Mobile";
				TargetAttributes = {
					8338924622AD3C7C00314162 = {
						CreatedOnToolsVersion = 11.0;
					};
					8338925C22AD3C7E00314162 = {
						CreatedOnToolsVersion = 11.0;
						TestTargetID = 8338924622AD3C7C00314162;
					};
					8338926722AD3C7E00314162 = {
						CreatedOnToolsVersion = 11.0;
						TestTargetID = 8338924622AD3C7C00314162;
					};
				};
			};
			buildConfigurationList = 8338924222AD3C7C00314162 /* Build configuration list for PBXProject "Landmarks" */;
			compatibilityVersion = "Xcode 9.3";
			developmentRegion = en;
			hasScannedForEncodings = 0;
			knownRegions = (
				en,
				Base,
			);
			mainGroup = 8338923E22AD3C7C00314162;
			productRefGroup = 8338924822AD3C7C00314162 /* Products */;
			projectDirPath = "";
			projectRoot = "";
			targets = (
				8338924622AD3C7C00314162 /* Landmarks */,
				8338925C22AD3C7E00314162 /* LandmarksTests */,
				8338926722AD3C7E00314162 /* LandmarksUITests */,
			);
		};
/* End PBXProject section */

/* Begin PBXResourcesBuildPhase section */
		8338924522AD3C7C00314162 /* Resources */ = {
			isa = PBXResourcesBuildPhase;
			buildActionMask = 2147483647;
			files = (
				8338929F22AD964300314162 /* yukon_charleyrivers.jpg in Resources */,
				8338925722AD3C7E00314162 /* LaunchScreen.storyboard in Resources */,
				8338928122AD549C00314162 /* landmarkData.json in Resources */,
				8338925422AD3C7E00314162 /* Preview Assets.xcassets in Resources */,
				8338929722AD964300314162 /* silversalmoncreek.jpg in Resources */,
				8338925122AD3C7E00314162 /* Assets.xcassets in Resources */,
				833892A022AD964300314162 /* stmarylake.jpg in Resources */,
				8338929E22AD964300314162 /* chincoteague.jpg in Resources */,
				833892A122AD964300314162 /* chilkoottrail.jpg in Resources */,
				8338929822AD964300314162 /* icybay.jpg in Resources */,
				8338929B22AD964300314162 /* twinlake.jpg in Resources */,
				8338929922AD964300314162 /* lakemcdonald.jpg in Resources */,
				8338929A22AD964300314162 /* hiddenlake.jpg in Resources */,
				8338929C22AD964300314162 /* umbagog.jpg in Resources */,
				8338929622AD964300314162 /* turtlerock.jpg in Resources */,
				833892A222AD964300314162 /* rainbowlake.jpg in Resources */,
			);
			runOnlyForDeploymentPostprocessing = 0;
		};
		8338925B22AD3C7E00314162 /* Resources */ = {
			isa = PBXResourcesBuildPhase;
			buildActionMask = 2147483647;
			files = (
			);
			runOnlyForDeploymentPostprocessing = 0;
		};
		8338926622AD3C7E00314162 /* Resources */ = {
			isa = PBXResourcesBuildPhase;
			buildActionMask = 2147483647;
			files = (
			);
			runOnlyForDeploymentPostprocessing = 0;
		};
/* End PBXResourcesBuildPhase section */

/* Begin PBXSourcesBuildPhase section */
		8338924322AD3C7C00314162 /* Sources */ = {
			isa = PBXSourcesBuildPhase;
			buildActionMask = 2147483647;
			files = (
				8338924B22AD3C7C00314162 /* AppDelegate.swift in Sources */,
				8338927B22AD4D3C00314162 /* CircleImage.swift in Sources */,
				8338927D22AD4E7100314162 /* MapView.swift in Sources */,
				8338924D22AD3C7C00314162 /* SceneDelegate.swift in Sources */,
				8338928722AD93C100314162 /* LandmarkList.swift in Sources */,
				833892A722ADD21D00314162 /* Landmark.swift in Sources */,
				8338924F22AD3C7C00314162 /* LandmarkDetail.swift in Sources */,
				8338928322AD8FAA00314162 /* LandmarkRow.swift in Sources */,
				833892A922ADD59800314162 /* UserData.swift in Sources */,
				8338928522AD92A900314162 /* Data.swift in Sources */,
			);
			runOnlyForDeploymentPostprocessing = 0;
		};
		8338925922AD3C7E00314162 /* Sources */ = {
			isa = PBXSourcesBuildPhase;
			buildActionMask = 2147483647;
			files = (
				8338926222AD3C7E00314162 /* LandmarksTests.swift in Sources */,
			);
			runOnlyForDeploymentPostprocessing = 0;
		};
		8338926422AD3C7E00314162 /* Sources */ = {
			isa = PBXSourcesBuildPhase;
			buildActionMask = 2147483647;
			files = (
				8338926D22AD3C7E00314162 /* LandmarksUITests.swift in Sources */,
			);
			runOnlyForDeploymentPostprocessing = 0;
		};
/* End PBXSourcesBuildPhase section */

/* Begin PBXTargetDependency section */
		8338925F22AD3C7E00314162 /* PBXTargetDependency */ = {
			isa = PBXTargetDependency;
			target = 8338924622AD3C7C00314162 /* Landmarks */;
			targetProxy = 8338925E22AD3C7E00314162 /* PBXContainerItemProxy */;
		};
		8338926A22AD3C7E00314162 /* PBXTargetDependency */ = {
			isa = PBXTargetDependency;
			target = 8338924622AD3C7C00314162 /* Landmarks */;
			targetProxy = 8338926922AD3C7E00314162 /* PBXContainerItemProxy */;
		};
/* End PBXTargetDependency section */

/* Begin PBXVariantGroup section */
		8338925522AD3C7E00314162 /* LaunchScreen.storyboard */ = {
			isa = PBXVariantGroup;
			children = (
				8338925622AD3C7E00314162 /* Base */,
			);
			name = LaunchScreen.storyboard;
			sourceTree = "<group>";
		};
/* End PBXVariantGroup section */

/* Begin XCBuildConfiguration section */
		8338926F22AD3C7E00314162 /* Debug */ = {
			isa = XCBuildConfiguration;
			buildSettings = {
				ALWAYS_SEARCH_USER_PATHS = NO;
				CLANG_ANALYZER_NONNULL = YES;
				CLANG_ANALYZER_NUMBER_OBJECT_CONVERSION = YES_AGGRESSIVE;
				CLANG_CXX_LANGUAGE_STANDARD = "gnu++14";
				CLANG_CXX_LIBRARY = "libc++";
				CLANG_ENABLE_MODULES = YES;
				CLANG_ENABLE_OBJC_ARC = YES;
				CLANG_ENABLE_OBJC_WEAK = YES;
				CLANG_WARN_BLOCK_CAPTURE_AUTORELEASING = YES;
				CLANG_WARN_BOOL_CONVERSION = YES;
				CLANG_WARN_COMMA = YES;
				CLANG_WARN_CONSTANT_CONVERSION = YES;
				CLANG_WARN_DEPRECATED_OBJC_IMPLEMENTATIONS = YES;
				CLANG_WARN_DIRECT_OBJC_ISA_USAGE = YES_ERROR;
				CLANG_WARN_DOCUMENTATION_COMMENTS = YES;
				CLANG_WARN_EMPTY_BODY = YES;
				CLANG_WARN_ENUM_CONVERSION = YES;
				CLANG_WARN_INFINITE_RECURSION = YES;
				CLANG_WARN_INT_CONVERSION = YES;
				CLANG_WARN_NON_LITERAL_NULL_CONVERSION = YES;
				CLANG_WARN_OBJC_IMPLICIT_RETAIN_SELF = YES;
				CLANG_WARN_OBJC_LITERAL_CONVERSION = YES;
				CLANG_WARN_OBJC_ROOT_CLASS = YES_ERROR;
				CLANG_WARN_RANGE_LOOP_ANALYSIS = YES;
				CLANG_WARN_STRICT_PROTOTYPES = YES;
				CLANG_WARN_SUSPICIOUS_MOVE = YES;
				CLANG_WARN_UNGUARDED_AVAILABILITY = YES_AGGRESSIVE;
				CLANG_WARN_UNREACHABLE_CODE = YES;
				CLANG_WARN__DUPLICATE_METHOD_MATCH = YES;
				COPY_PHASE_STRIP = NO;
				DEBUG_INFORMATION_FORMAT = dwarf;
				ENABLE_STRICT_OBJC_MSGSEND = YES;
				ENABLE_TESTABILITY = YES;
				GCC_C_LANGUAGE_STANDARD = gnu11;
				GCC_DYNAMIC_NO_PIC = NO;
				GCC_NO_COMMON_BLOCKS = YES;
				GCC_OPTIMIZATION_LEVEL = 0;
				GCC_PREPROCESSOR_DEFINITIONS = (
					"DEBUG=1",
					"$(inherited)",
				);
				GCC_WARN_64_TO_32_BIT_CONVERSION = YES;
				GCC_WARN_ABOUT_RETURN_TYPE = YES_ERROR;
				GCC_WARN_UNDECLARED_SELECTOR = YES;
				GCC_WARN_UNINITIALIZED_AUTOS = YES_AGGRESSIVE;
				GCC_WARN_UNUSED_FUNCTION = YES;
				GCC_WARN_UNUSED_VARIABLE = YES;
				IPHONEOS_DEPLOYMENT_TARGET = 13.0;
				MTL_ENABLE_DEBUG_INFO = INCLUDE_SOURCE;
				MTL_FAST_MATH = YES;
				ONLY_ACTIVE_ARCH = YES;
				SDKROOT = iphoneos;
				SWIFT_ACTIVE_COMPILATION_CONDITIONS = DEBUG;
				SWIFT_OPTIMIZATION_LEVEL = "-Onone";
			};
			name = Debug;
		};
		8338927022AD3C7E00314162 /* Release */ = {
			isa = XCBuildConfiguration;
			buildSettings = {
				ALWAYS_SEARCH_USER_PATHS = NO;
				CLANG_ANALYZER_NONNULL = YES;
				CLANG_ANALYZER_NUMBER_OBJECT_CONVERSION = YES_AGGRESSIVE;
				CLANG_CXX_LANGUAGE_STANDARD = "gnu++14";
				CLANG_CXX_LIBRARY = "libc++";
				CLANG_ENABLE_MODULES = YES;
				CLANG_ENABLE_OBJC_ARC = YES;
				CLANG_ENABLE_OBJC_WEAK = YES;
				CLANG_WARN_BLOCK_CAPTURE_AUTORELEASING = YES;
				CLANG_WARN_BOOL_CONVERSION = YES;
				CLANG_WARN_COMMA = YES;
				CLANG_WARN_CONSTANT_CONVERSION = YES;
				CLANG_WARN_DEPRECATED_OBJC_IMPLEMENTATIONS = YES;
				CLANG_WARN_DIRECT_OBJC_ISA_USAGE = YES_ERROR;
				CLANG_WARN_DOCUMENTATION_COMMENTS = YES;
				CLANG_WARN_EMPTY_BODY = YES;
				CLANG_WARN_ENUM_CONVERSION = YES;
				CLANG_WARN_INFINITE_RECURSION = YES;
				CLANG_WARN_INT_CONVERSION = YES;
				CLANG_WARN_NON_LITERAL_NULL_CONVERSION = YES;
				CLANG_WARN_OBJC_IMPLICIT_RETAIN_SELF = YES;
				CLANG_WARN_OBJC_LITERAL_CONVERSION = YES;
				CLANG_WARN_OBJC_ROOT_CLASS = YES_ERROR;
				CLANG_WARN_RANGE_LOOP_ANALYSIS = YES;
				CLANG_WARN_STRICT_PROTOTYPES = YES;
				CLANG_WARN_SUSPICIOUS_MOVE = YES;
				CLANG_WARN_UNGUARDED_AVAILABILITY = YES_AGGRESSIVE;
				CLANG_WARN_UNREACHABLE_CODE = YES;
				CLANG_WARN__DUPLICATE_METHOD_MATCH = YES;
				COPY_PHASE_STRIP = NO;
				DEBUG_INFORMATION_FORMAT = "dwarf-with-dsym";
				ENABLE_NS_ASSERTIONS = NO;
				ENABLE_STRICT_OBJC_MSGSEND = YES;
				GCC_C_LANGUAGE_STANDARD = gnu11;
				GCC_NO_COMMON_BLOCKS = YES;
				GCC_WARN_64_TO_32_BIT_CONVERSION = YES;
				GCC_WARN_ABOUT_RETURN_TYPE = YES_ERROR;
				GCC_WARN_UNDECLARED_SELECTOR = YES;
				GCC_WARN_UNINITIALIZED_AUTOS = YES_AGGRESSIVE;
				GCC_WARN_UNUSED_FUNCTION = YES;
				GCC_WARN_UNUSED_VARIABLE = YES;
				IPHONEOS_DEPLOYMENT_TARGET = 13.0;
				MTL_ENABLE_DEBUG_INFO = NO;
				MTL_FAST_MATH = YES;
				SDKROOT = iphoneos;
				SWIFT_COMPILATION_MODE = wholemodule;
				SWIFT_OPTIMIZATION_LEVEL = "-O";
				VALIDATE_PRODUCT = YES;
			};
			name = Release;
		};
		8338927222AD3C7E00314162 /* Debug */ = {
			isa = XCBuildConfiguration;
			buildSettings = {
				ASSETCATALOG_COMPILER_APPICON_NAME = AppIcon;
				CODE_SIGN_STYLE = Automatic;
				DEVELOPMENT_ASSET_PATHS = "Landmarks/Preview\\ Content";
				DEVELOPMENT_TEAM = JCM3ZMDL4E;
				ENABLE_PREVIEWS = YES;
				INFOPLIST_FILE = Landmarks/Info.plist;
				LD_RUNPATH_SEARCH_PATHS = (
					"$(inherited)",
					"@executable_path/Frameworks",
				);
				PRODUCT_BUNDLE_IDENTIFIER = com.rovingmobile.Landmarks;
				PRODUCT_NAME = "$(TARGET_NAME)";
				SWIFT_VERSION = 5.0;
				TARGETED_DEVICE_FAMILY = "1,2";
			};
			name = Debug;
		};
		8338927322AD3C7E00314162 /* Release */ = {
			isa = XCBuildConfiguration;
			buildSettings = {
				ASSETCATALOG_COMPILER_APPICON_NAME = AppIcon;
				CODE_SIGN_STYLE = Automatic;
				DEVELOPMENT_ASSET_PATHS = "Landmarks/Preview\\ Content";
				DEVELOPMENT_TEAM = JCM3ZMDL4E;
				ENABLE_PREVIEWS = YES;
				INFOPLIST_FILE = Landmarks/Info.plist;
				LD_RUNPATH_SEARCH_PATHS = (
					"$(inherited)",
					"@executable_path/Frameworks",
				);
				PRODUCT_BUNDLE_IDENTIFIER = com.rovingmobile.Landmarks;
				PRODUCT_NAME = "$(TARGET_NAME)";
				SWIFT_VERSION = 5.0;
				TARGETED_DEVICE_FAMILY = "1,2";
			};
			name = Release;
		};
		8338927522AD3C7E00314162 /* Debug */ = {
			isa = XCBuildConfiguration;
			buildSettings = {
				ALWAYS_EMBED_SWIFT_STANDARD_LIBRARIES = YES;
				BUNDLE_LOADER = "$(TEST_HOST)";
				CODE_SIGN_STYLE = Automatic;
				DEVELOPMENT_TEAM = JCM3ZMDL4E;
				INFOPLIST_FILE = LandmarksTests/Info.plist;
				LD_RUNPATH_SEARCH_PATHS = (
					"$(inherited)",
					"@executable_path/Frameworks",
					"@loader_path/Frameworks",
				);
				PRODUCT_BUNDLE_IDENTIFIER = com.rovingmobile.LandmarksTests;
				PRODUCT_NAME = "$(TARGET_NAME)";
				SWIFT_VERSION = 5.0;
				TARGETED_DEVICE_FAMILY = "1,2";
				TEST_HOST = "$(BUILT_PRODUCTS_DIR)/Landmarks.app/Landmarks";
			};
			name = Debug;
		};
		8338927622AD3C7E00314162 /* Release */ = {
			isa = XCBuildConfiguration;
			buildSettings = {
				ALWAYS_EMBED_SWIFT_STANDARD_LIBRARIES = YES;
				BUNDLE_LOADER = "$(TEST_HOST)";
				CODE_SIGN_STYLE = Automatic;
				DEVELOPMENT_TEAM = JCM3ZMDL4E;
				INFOPLIST_FILE = LandmarksTests/Info.plist;
				LD_RUNPATH_SEARCH_PATHS = (
					"$(inherited)",
					"@executable_path/Frameworks",
					"@loader_path/Frameworks",
				);
				PRODUCT_BUNDLE_IDENTIFIER = com.rovingmobile.LandmarksTests;
				PRODUCT_NAME = "$(TARGET_NAME)";
				SWIFT_VERSION = 5.0;
				TARGETED_DEVICE_FAMILY = "1,2";
				TEST_HOST = "$(BUILT_PRODUCTS_DIR)/Landmarks.app/Landmarks";
			};
			name = Release;
		};
		8338927822AD3C7E00314162 /* Debug */ = {
			isa = XCBuildConfiguration;
			buildSettings = {
				ALWAYS_EMBED_SWIFT_STANDARD_LIBRARIES = YES;
				CODE_SIGN_STYLE = Automatic;
				DEVELOPMENT_TEAM = JCM3ZMDL4E;
				INFOPLIST_FILE = LandmarksUITests/Info.plist;
				LD_RUNPATH_SEARCH_PATHS = (
					"$(inherited)",
					"@executable_path/Frameworks",
					"@loader_path/Frameworks",
				);
				PRODUCT_BUNDLE_IDENTIFIER = com.rovingmobile.LandmarksUITests;
				PRODUCT_NAME = "$(TARGET_NAME)";
				SWIFT_VERSION = 5.0;
				TARGETED_DEVICE_FAMILY = "1,2";
				TEST_TARGET_NAME = Landmarks;
			};
			name = Debug;
		};
		8338927922AD3C7E00314162 /* Release */ = {
			isa = XCBuildConfiguration;
			buildSettings = {
				ALWAYS_EMBED_SWIFT_STANDARD_LIBRARIES = YES;
				CODE_SIGN_STYLE = Automatic;
				DEVELOPMENT_TEAM = JCM3ZMDL4E;
				INFOPLIST_FILE = LandmarksUITests/Info.plist;
				LD_RUNPATH_SEARCH_PATHS = (
					"$(inherited)",
					"@executable_path/Frameworks",
					"@loader_path/Frameworks",
				);
				PRODUCT_BUNDLE_IDENTIFIER = com.rovingmobile.LandmarksUITests;
				PRODUCT_NAME = "$(TARGET_NAME)";
				SWIFT_VERSION = 5.0;
				TARGETED_DEVICE_FAMILY = "1,2";
				TEST_TARGET_NAME = Landmarks;
			};
			name = Release;
		};
/* End XCBuildConfiguration section */

/* Begin XCConfigurationList section */
		8338924222AD3C7C00314162 /* Build configuration list for PBXProject "Landmarks" */ = {
			isa = XCConfigurationList;
			buildConfigurations = (
				8338926F22AD3C7E00314162 /* Debug */,
				8338927022AD3C7E00314162 /* Release */,
			);
			defaultConfigurationIsVisible = 0;
			defaultConfigurationName = Release;
		};
		8338927122AD3C7E00314162 /* Build configuration list for PBXNativeTarget "Landmarks" */ = {
			isa = XCConfigurationList;
			buildConfigurations = (
				8338927222AD3C7E00314162 /* Debug */,
				8338927322AD3C7E00314162 /* Release */,
			);
			defaultConfigurationIsVisible = 0;
			defaultConfigurationName = Release;
		};
		8338927422AD3C7E00314162 /* Build configuration list for PBXNativeTarget "LandmarksTests" */ = {
			isa = XCConfigurationList;
			buildConfigurations = (
				8338927522AD3C7E00314162 /* Debug */,
				8338927622AD3C7E00314162 /* Release */,
			);
			defaultConfigurationIsVisible = 0;
			defaultConfigurationName = Release;
		};
		8338927722AD3C7E00314162 /* Build configuration list for PBXNativeTarget "LandmarksUITests" */ = {
			isa = XCConfigurationList;
			buildConfigurations = (
				8338927822AD3C7E00314162 /* Debug */,
				8338927922AD3C7E00314162 /* Release */,
			);
			defaultConfigurationIsVisible = 0;
			defaultConfigurationName = Release;
		};
/* End XCConfigurationList section */
	};
	rootObject = 8338923F22AD3C7C00314162 /* Project object */;
}
